
Microsoft Visual Studio Solution File, Format Version 11.00
# Visual Studio 2010
Project("{FAE04EC0-301F-11D3-BF4B-00C04F79EFBC}") = "FrontEnd", "WpfApplication1\FrontEnd.csproj", "{1C66C3EB-005A-41B6-8B33-9E0F81171344}"
EndProject
Project("{FAE04EC0-301F-11D3-BF4B-00C04F79EFBC}") = "Datenbank", "DL\Datenbank.csproj", "{9E81901A-8B6D-408A-87C4-7494AA07E519}"
EndProject
Project("{FAE04EC0-301F-11D3-BF4B-00C04F79EFBC}") = "BL", "BL\BL.csproj", "{77153938-B0A6-4104-AB87-9627E18B95D2}"
EndProject
Project("{FAE04EC0-301F-11D3-BF4B-00C04F79EFBC}") = "DAL", "DAL\DAL.csproj", "{9B7DD3F9-6650-4DFC-B972-86C5344AD609}"
EndProject
Project("{FAE04EC0-301F-11D3-BF4B-00C04F79EFBC}") = "Views", "Views\Views.csproj", "{95F11D33-0FC5-4175-A9A0-20F7B1CC7083}"
EndProject
Project("{FAE04EC0-301F-11D3-BF4B-00C04F79EFBC}") = "Controls", "Controls\Controls.csproj", "{F4A8BCBF-9532-4EEF-9D2E-46026E2A5B46}"
EndProject
Project("{FAE04EC0-301F-11D3-BF4B-00C04F79EFBC}") = "Host", "Host\Host.csproj", "{EF1590CA-F038-485C-A124-38FD4D5CAE76}"
EndProject
Global
	GlobalSection(SolutionConfigurationPlatforms) = preSolution
		Debug|Any CPU = Debug|Any CPU
		Debug|Mixed Platforms = Debug|Mixed Platforms
		Debug|x86 = Debug|x86
		Release|Any CPU = Release|Any CPU
		Release|Mixed Platforms = Release|Mixed Platforms
		Release|x86 = Release|x86
	EndGlobalSection
	GlobalSection(ProjectConfigurationPlatforms) = postSolution
		{1C66C3EB-005A-41B6-8B33-9E0F81171344}.Debug|Any CPU.ActiveCfg = Debug|x86
		{1C66C3EB-005A-41B6-8B33-9E0F81171344}.Debug|Mixed Platforms.ActiveCfg = Debug|x86
		{1C66C3EB-005A-41B6-8B33-9E0F81171344}.Debug|Mixed Platforms.Build.0 = Debug|x86
		{1C66C3EB-005A-41B6-8B33-9E0F81171344}.Debug|x86.ActiveCfg = Debug|x86
		{1C66C3EB-005A-41B6-8B33-9E0F81171344}.Debug|x86.Build.0 = Debug|x86
		{1C66C3EB-005A-41B6-8B33-9E0F81171344}.Release|Any CPU.ActiveCfg = Release|x86
		{1C66C3EB-005A-41B6-8B33-9E0F81171344}.Release|Mixed Platforms.ActiveCfg = Release|x86
		{1C66C3EB-005A-41B6-8B33-9E0F81171344}.Release|Mixed Platforms.Build.0 = Release|x86
		{1C66C3EB-005A-41B6-8B33-9E0F81171344}.Release|x86.ActiveCfg = Release|x86
		{1C66C3EB-005A-41B6-8B33-9E0F81171344}.Release|x86.Build.0 = Release|x86
		{9E81901A-8B6D-408A-87C4-7494AA07E519}.Debug|Any CPU.ActiveCfg = Debug|Any CPU
		{9E81901A-8B6D-408A-87C4-7494AA07E519}.Debug|Any CPU.Build.0 = Debug|Any CPU
		{9E81901A-8B6D-408A-87C4-7494AA07E519}.Debug|Mixed Platforms.ActiveCfg = Debug|Any CPU
		{9E81901A-8B6D-408A-87C4-7494AA07E519}.Debug|Mixed Platforms.Build.0 = Debug|Any CPU
		{9E81901A-8B6D-408A-87C4-7494AA07E519}.Debug|x86.ActiveCfg = Debug|Any CPU
		{9E81901A-8B6D-408A-87C4-7494AA07E519}.Release|Any CPU.ActiveCfg = Release|Any CPU
		{9E81901A-8B6D-408A-87C4-7494AA07E519}.Release|Any CPU.Build.0 = Release|Any CPU
		{9E81901A-8B6D-408A-87C4-7494AA07E519}.Release|Mixed Platforms.ActiveCfg = Release|Any CPU
		{9E81901A-8B6D-408A-87C4-7494AA07E519}.Release|Mixed Platforms.Build.0 = Release|Any CPU
		{9E81901A-8B6D-408A-87C4-7494AA07E519}.Release|x86.ActiveCfg = Release|Any CPU
		{77153938-B0A6-4104-AB87-9627E18B95D2}.Debug|Any CPU.ActiveCfg = Debug|Any CPU
		{77153938-B0A6-4104-AB87-9627E18B95D2}.Debug|Any CPU.Build.0 = Debug|Any CPU
		{77153938-B0A6-4104-AB87-9627E18B95D2}.Debug|Mixed Platforms.ActiveCfg = Debug|Any CPU
		{77153938-B0A6-4104-AB87-9627E18B95D2}.Debug|Mixed Platforms.Build.0 = Debug|Any CPU
		{77153938-B0A6-4104-AB87-9627E18B95D2}.Debug|x86.ActiveCfg = Debug|Any CPU
		{77153938-B0A6-4104-AB87-9627E18B95D2}.Release|Any CPU.ActiveCfg = Release|Any CPU
		{77153938-B0A6-4104-AB87-9627E18B95D2}.Release|Any CPU.Build.0 = Release|Any CPU
		{77153938-B0A6-4104-AB87-9627E18B95D2}.Release|Mixed Platforms.ActiveCfg = Release|Any CPU
		{77153938-B0A6-4104-AB87-9627E18B95D2}.Release|Mixed Platforms.Build.0 = Release|Any CPU
		{77153938-B0A6-4104-AB87-9627E18B95D2}.Release|x86.ActiveCfg = Release|Any CPU
		{9B7DD3F9-6650-4DFC-B972-86C5344AD609}.Debug|Any CPU.ActiveCfg = Debug|Any CPU
		{9B7DD3F9-6650-4DFC-B972-86C5344AD609}.Debug|Any CPU.Build.0 = Debug|Any CPU
		{9B7DD3F9-6650-4DFC-B972-86C5344AD609}.Debug|Mixed Platforms.ActiveCfg = Debug|Any CPU
		{9B7DD3F9-6650-4DFC-B972-86C5344AD609}.Debug|Mixed Platforms.Build.0 = Debug|Any CPU
		{9B7DD3F9-6650-4DFC-B972-86C5344AD609}.Debug|x86.ActiveCfg = Debug|Any CPU
		{9B7DD3F9-6650-4DFC-B972-86C5344AD609}.Release|Any CPU.ActiveCfg = Release|Any CPU
		{9B7DD3F9-6650-4DFC-B972-86C5344AD609}.Release|Any CPU.Build.0 = Release|Any CPU
		{9B7DD3F9-6650-4DFC-B972-86C5344AD609}.Release|Mixed Platforms.ActiveCfg = Release|Any CPU
		{9B7DD3F9-6650-4DFC-B972-86C5344AD609}.Release|Mixed Platforms.Build.0 = Release|Any CPU
		{9B7DD3F9-6650-4DFC-B972-86C5344AD609}.Release|x86.ActiveCfg = Release|Any CPU
		{95F11D33-0FC5-4175-A9A0-20F7B1CC7083}.Debug|Any CPU.ActiveCfg = Debug|Any CPU
		{95F11D33-0FC5-4175-A9A0-20F7B1CC7083}.Debug|Any CPU.Build.0 = Debug|Any CPU
		{95F11D33-0FC5-4175-A9A0-20F7B1CC7083}.Debug|Mixed Platforms.ActiveCfg = Debug|Any CPU
		{95F11D33-0FC5-4175-A9A0-20F7B1CC7083}.Debug|Mixed Platforms.Build.0 = Debug|Any CPU
		{95F11D33-0FC5-4175-A9A0-20F7B1CC7083}.Debug|x86.ActiveCfg = Debug|Any CPU
		{95F11D33-0FC5-4175-A9A0-20F7B1CC7083}.Release|Any CPU.ActiveCfg = Release|Any CPU
		{95F11D33-0FC5-4175-A9A0-20F7B1CC7083}.Release|Any CPU.Build.0 = Release|Any CPU
		{95F11D33-0FC5-4175-A9A0-20F7B1CC7083}.Release|Mixed Platforms.ActiveCfg = Release|Any CPU
		{95F11D33-0FC5-4175-A9A0-20F7B1CC7083}.Release|Mixed Platforms.Build.0 = Release|Any CPU
		{95F11D33-0FC5-4175-A9A0-20F7B1CC7083}.Release|x86.ActiveCfg = Release|Any CPU
		{F4A8BCBF-9532-4EEF-9D2E-46026E2A5B46}.Debug|Any CPU.ActiveCfg = Debug|Any CPU
		{F4A8BCBF-9532-4EEF-9D2E-46026E2A5B46}.Debug|Any CPU.Build.0 = Debug|Any CPU
		{F4A8BCBF-9532-4EEF-9D2E-46026E2A5B46}.Debug|Mixed Platforms.ActiveCfg = Debug|Any CPU
		{F4A8BCBF-9532-4EEF-9D2E-46026E2A5B46}.Debug|Mixed Platforms.Build.0 = Debug|Any CPU
		{F4A8BCBF-9532-4EEF-9D2E-46026E2A5B46}.Debug|x86.ActiveCfg = Debug|Any CPU
		{F4A8BCBF-9532-4EEF-9D2E-46026E2A5B46}.Release|Any CPU.ActiveCfg = Release|Any CPU
		{F4A8BCBF-9532-4EEF-9D2E-46026E2A5B46}.Release|Any CPU.Build.0 = Release|Any CPU
		{F4A8BCBF-9532-4EEF-9D2E-46026E2A5B46}.Release|Mixed Platforms.ActiveCfg = Release|Any CPU
		{F4A8BCBF-9532-4EEF-9D2E-46026E2A5B46}.Release|Mixed Platforms.Build.0 = Release|Any CPU
		{F4A8BCBF-9532-4EEF-9D2E-46026E2A5B46}.Release|x86.ActiveCfg = Release|Any CPU
		{EF1590CA-F038-485C-A124-38FD4D5CAE76}.Debug|Any CPU.ActiveCfg = Debug|x86
		{EF1590CA-F038-485C-A124-38FD4D5CAE76}.Debug|Mixed Platforms.ActiveCfg = Debug|x86
		{EF1590CA-F038-485C-A124-38FD4D5CAE76}.Debug|Mixed Platforms.Build.0 = Debug|x86
		{EF1590CA-F038-485C-A124-38FD4D5CAE76}.Debug|x86.ActiveCfg = Debug|x86
		{EF1590CA-F038-485C-A124-38FD4D5CAE76}.Debug|x86.Build.0 = Debug|x86
		{EF1590CA-F038-485C-A124-38FD4D5CAE76}.Release|Any CPU.ActiveCfg = Release|x86
		{EF1590CA-F038-485C-A124-38FD4D5CAE76}.Release|Mixed Platforms.ActiveCfg = Release|x86
		{EF1590CA-F038-485C-A124-38FD4D5CAE76}.Release|Mixed Platforms.Build.0 = Release|x86
		{EF1590CA-F038-485C-A124-38FD4D5CAE76}.Release|x86.ActiveCfg = Release|x86
		{EF1590CA-F038-485C-A124-38FD4D5CAE76}.Release|x86.Build.0 = Release|x86
	EndGlobalSection
	GlobalSection(SolutionProperties) = preSolution
		HideSolutionNode = FALSE
	EndGlobalSection
	GlobalSection(ExtensibilityGlobals) = postSolution
		VisualSVNWorkingCopyRoot = .
	EndGlobalSection
EndGlobal
